// !$*UTF8*$!
{
	archiveVersion = 1;
	classes = {
	};
	objectVersion = 50;
	objects = {

/* Begin PBXBuildFile section */
		1B9FFC16269EBBA600B49BA1 /* AppDelegate.swift in Sources */ = {isa = PBXBuildFile; fileRef = 1B9FFC15269EBBA600B49BA1 /* AppDelegate.swift */; };
		1B9FFC18269EBBA600B49BA1 /* SceneDelegate.swift in Sources */ = {isa = PBXBuildFile; fileRef = 1B9FFC17269EBBA600B49BA1 /* SceneDelegate.swift */; };
		1B9FFC1A269EBBA600B49BA1 /* ViewController.swift in Sources */ = {isa = PBXBuildFile; fileRef = 1B9FFC19269EBBA600B49BA1 /* ViewController.swift */; };
		1B9FFC1D269EBBA600B49BA1 /* Main.storyboard in Resources */ = {isa = PBXBuildFile; fileRef = 1B9FFC1B269EBBA600B49BA1 /* Main.storyboard */; };
		1B9FFC1F269EBBB300B49BA1 /* Assets.xcassets in Resources */ = {isa = PBXBuildFile; fileRef = 1B9FFC1E269EBBB300B49BA1 /* Assets.xcassets */; };
		1B9FFC22269EBBB300B49BA1 /* LaunchScreen.storyboard in Resources */ = {isa = PBXBuildFile; fileRef = 1B9FFC20269EBBB300B49BA1 /* LaunchScreen.storyboard */; };
		1B9FFC2D269EBBB500B49BA1 /* ProjectTests.swift in Sources */ = {isa = PBXBuildFile; fileRef = 1B9FFC2C269EBBB500B49BA1 /* ProjectTests.swift */; };
		1B9FFC38269EBBB500B49BA1 /* ProjectUITests.swift in Sources */ = {isa = PBXBuildFile; fileRef = 1B9FFC37269EBBB500B49BA1 /* ProjectUITests.swift */; };
		1B9FFC4B269EBE0C00B49BA1 /* UploadImagesViewController.swift in Sources */ = {isa = PBXBuildFile; fileRef = 1B9FFC4A269EBE0C00B49BA1 /* UploadImagesViewController.swift */; };
/* End PBXBuildFile section */

/* Begin PBXContainerItemProxy section */
		1B9FFC29269EBBB500B49BA1 /* PBXContainerItemProxy */ = {
			isa = PBXContainerItemProxy;
			containerPortal = 1B9FFC0A269EBBA600B49BA1 /* Project object */;
			proxyType = 1;
			remoteGlobalIDString = 1B9FFC11269EBBA600B49BA1;
			remoteInfo = Project;
		};
		1B9FFC34269EBBB500B49BA1 /* PBXContainerItemProxy */ = {
			isa = PBXContainerItemProxy;
			containerPortal = 1B9FFC0A269EBBA600B49BA1 /* Project object */;
			proxyType = 1;
			remoteGlobalIDString = 1B9FFC11269EBBA600B49BA1;
			remoteInfo = Project;
		};
/* End PBXContainerItemProxy section */

/* Begin PBXFileReference section */
		1B9FFC12269EBBA600B49BA1 /* Project.app */ = {isa = PBXFileReference; explicitFileType = wrapper.application; includeInIndex = 0; path = Project.app; sourceTree = BUILT_PRODUCTS_DIR; };
		1B9FFC15269EBBA600B49BA1 /* AppDelegate.swift */ = {isa = PBXFileReference; lastKnownFileType = sourcecode.swift; path = AppDelegate.swift; sourceTree = "<group>"; };
		1B9FFC17269EBBA600B49BA1 /* SceneDelegate.swift */ = {isa = PBXFileReference; lastKnownFileType = sourcecode.swift; path = SceneDelegate.swift; sourceTree = "<group>"; };
		1B9FFC19269EBBA600B49BA1 /* ViewController.swift */ = {isa = PBXFileReference; lastKnownFileType = sourcecode.swift; path = ViewController.swift; sourceTree = "<group>"; };
		1B9FFC1C269EBBA600B49BA1 /* Base */ = {isa = PBXFileReference; lastKnownFileType = file.storyboard; name = Base; path = Base.lproj/Main.storyboard; sourceTree = "<group>"; };
		1B9FFC1E269EBBB300B49BA1 /* Assets.xcassets */ = {isa = PBXFileReference; lastKnownFileType = folder.assetcatalog; path = Assets.xcassets; sourceTree = "<group>"; };
		1B9FFC21269EBBB300B49BA1 /* Base */ = {isa = PBXFileReference; lastKnownFileType = file.storyboard; name = Base; path = Base.lproj/LaunchScreen.storyboard; sourceTree = "<group>"; };
		1B9FFC23269EBBB300B49BA1 /* Info.plist */ = {isa = PBXFileReference; lastKnownFileType = text.plist.xml; path = Info.plist; sourceTree = "<group>"; };
		1B9FFC28269EBBB500B49BA1 /* ProjectTests.xctest */ = {isa = PBXFileReference; explicitFileType = wrapper.cfbundle; includeInIndex = 0; path = ProjectTests.xctest; sourceTree = BUILT_PRODUCTS_DIR; };
		1B9FFC2C269EBBB500B49BA1 /* ProjectTests.swift */ = {isa = PBXFileReference; lastKnownFileType = sourcecode.swift; path = ProjectTests.swift; sourceTree = "<group>"; };
		1B9FFC2E269EBBB500B49BA1 /* Info.plist */ = {isa = PBXFileReference; lastKnownFileType = text.plist.xml; path = Info.plist; sourceTree = "<group>"; };
		1B9FFC33269EBBB500B49BA1 /* ProjectUITests.xctest */ = {isa = PBXFileReference; explicitFileType = wrapper.cfbundle; includeInIndex = 0; path = ProjectUITests.xctest; sourceTree = BUILT_PRODUCTS_DIR; };
		1B9FFC37269EBBB500B49BA1 /* ProjectUITests.swift */ = {isa = PBXFileReference; lastKnownFileType = sourcecode.swift; path = ProjectUITests.swift; sourceTree = "<group>"; };
		1B9FFC39269EBBB500B49BA1 /* Info.plist */ = {isa = PBXFileReference; lastKnownFileType = text.plist.xml; path = Info.plist; sourceTree = "<group>"; };
		1B9FFC4A269EBE0C00B49BA1 /* UploadImagesViewController.swift */ = {isa = PBXFileReference; lastKnownFileType = sourcecode.swift; path = UploadImagesViewController.swift; sourceTree = "<group>"; };
/* End PBXFileReference section */

/* Begin PBXFrameworksBuildPhase section */
		1B9FFC0F269EBBA600B49BA1 /* Frameworks */ = {
			isa = PBXFrameworksBuildPhase;
			buildActionMask = 2147483647;
			files = (
			);
			runOnlyForDeploymentPostprocessing = 0;
		};
		1B9FFC25269EBBB500B49BA1 /* Frameworks */ = {
			isa = PBXFrameworksBuildPhase;
			buildActionMask = 2147483647;
			files = (
			);
			runOnlyForDeploymentPostprocessing = 0;
		};
		1B9FFC30269EBBB500B49BA1 /* Frameworks */ = {
			isa = PBXFrameworksBuildPhase;
			buildActionMask = 2147483647;
			files = (
			);
			runOnlyForDeploymentPostprocessing = 0;
		};
/* End PBXFrameworksBuildPhase section */

/* Begin PBXGroup section */
		1B9FFC09269EBBA600B49BA1 = {
			isa = PBXGroup;
			children = (
				1B9FFC14269EBBA600B49BA1 /* Project */,
				1B9FFC2B269EBBB500B49BA1 /* ProjectTests */,
				1B9FFC36269EBBB500B49BA1 /* ProjectUITests */,
				1B9FFC13269EBBA600B49BA1 /* Products */,
			);
			sourceTree = "<group>";
		};
		1B9FFC13269EBBA600B49BA1 /* Products */ = {
			isa = PBXGroup;
			children = (
				1B9FFC12269EBBA600B49BA1 /* Project.app */,
				1B9FFC28269EBBB500B49BA1 /* ProjectTests.xctest */,
				1B9FFC33269EBBB500B49BA1 /* ProjectUITests.xctest */,
			);
			name = Products;
			sourceTree = "<group>";
		};
		1B9FFC14269EBBA600B49BA1 /* Project */ = {
			isa = PBXGroup;
			children = (
				1B9FFC15269EBBA600B49BA1 /* AppDelegate.swift */,
				1B9FFC17269EBBA600B49BA1 /* SceneDelegate.swift */,
				1B9FFC19269EBBA600B49BA1 /* ViewController.swift */,
				1B9FFC1B269EBBA600B49BA1 /* Main.storyboard */,
				1B9FFC1E269EBBB300B49BA1 /* Assets.xcassets */,
				1B9FFC20269EBBB300B49BA1 /* LaunchScreen.storyboard */,
				1B9FFC23269EBBB300B49BA1 /* Info.plist */,
				1B9FFC4A269EBE0C00B49BA1 /* UploadImagesViewController.swift */,
			);
			path = Project;
			sourceTree = "<group>";
		};
		1B9FFC2B269EBBB500B49BA1 /* ProjectTests */ = {
			isa = PBXGroup;
			children = (
				1B9FFC2C269EBBB500B49BA1 /* ProjectTests.swift */,
				1B9FFC2E269EBBB500B49BA1 /* Info.plist */,
			);
			path = ProjectTests;
			sourceTree = "<group>";
		};
		1B9FFC36269EBBB500B49BA1 /* ProjectUITests */ = {
			isa = PBXGroup;
			children = (
				1B9FFC37269EBBB500B49BA1 /* ProjectUITests.swift */,
				1B9FFC39269EBBB500B49BA1 /* Info.plist */,
			);
			path = ProjectUITests;
			sourceTree = "<group>";
		};
/* End PBXGroup section */

/* Begin PBXNativeTarget section */
		1B9FFC11269EBBA600B49BA1 /* Project */ = {
			isa = PBXNativeTarget;
			buildConfigurationList = 1B9FFC3C269EBBB500B49BA1 /* Build configuration list for PBXNativeTarget "Project" */;
			buildPhases = (
				1B9FFC0E269EBBA600B49BA1 /* Sources */,
				1B9FFC0F269EBBA600B49BA1 /* Frameworks */,
				1B9FFC10269EBBA600B49BA1 /* Resources */,
			);
			buildRules = (
			);
			dependencies = (
			);
			name = Project;
			productName = Project;
			productReference = 1B9FFC12269EBBA600B49BA1 /* Project.app */;
			productType = "com.apple.product-type.application";
		};
		1B9FFC27269EBBB500B49BA1 /* ProjectTests */ = {
			isa = PBXNativeTarget;
			buildConfigurationList = 1B9FFC3F269EBBB500B49BA1 /* Build configuration list for PBXNativeTarget "ProjectTests" */;
			buildPhases = (
				1B9FFC24269EBBB500B49BA1 /* Sources */,
				1B9FFC25269EBBB500B49BA1 /* Frameworks */,
				1B9FFC26269EBBB500B49BA1 /* Resources */,
			);
			buildRules = (
			);
			dependencies = (
				1B9FFC2A269EBBB500B49BA1 /* PBXTargetDependency */,
			);
			name = ProjectTests;
			productName = ProjectTests;
			productReference = 1B9FFC28269EBBB500B49BA1 /* ProjectTests.xctest */;
			productType = "com.apple.product-type.bundle.unit-test";
		};
		1B9FFC32269EBBB500B49BA1 /* ProjectUITests */ = {
			isa = PBXNativeTarget;
			buildConfigurationList = 1B9FFC42269EBBB500B49BA1 /* Build configuration list for PBXNativeTarget "ProjectUITests" */;
			buildPhases = (
				1B9FFC2F269EBBB500B49BA1 /* Sources */,
				1B9FFC30269EBBB500B49BA1 /* Frameworks */,
				1B9FFC31269EBBB500B49BA1 /* Resources */,
			);
			buildRules = (
			);
			dependencies = (
				1B9FFC35269EBBB500B49BA1 /* PBXTargetDependency */,
			);
			name = ProjectUITests;
			productName = ProjectUITests;
			productReference = 1B9FFC33269EBBB500B49BA1 /* ProjectUITests.xctest */;
			productType = "com.apple.product-type.bundle.ui-testing";
		};
/* End PBXNativeTarget section */

/* Begin PBXProject section */
		1B9FFC0A269EBBA600B49BA1 /* Project object */ = {
			isa = PBXProject;
			attributes = {
				LastSwiftUpdateCheck = 1240;
				LastUpgradeCheck = 1240;
				TargetAttributes = {
					1B9FFC11269EBBA600B49BA1 = {
						CreatedOnToolsVersion = 12.4;
					};
					1B9FFC27269EBBB500B49BA1 = {
						CreatedOnToolsVersion = 12.4;
						TestTargetID = 1B9FFC11269EBBA600B49BA1;
					};
					1B9FFC32269EBBB500B49BA1 = {
						CreatedOnToolsVersion = 12.4;
						TestTargetID = 1B9FFC11269EBBA600B49BA1;
					};
				};
			};
			buildConfigurationList = 1B9FFC0D269EBBA600B49BA1 /* Build configuration list for PBXProject "Project" */;
			compatibilityVersion = "Xcode 9.3";
			developmentRegion = en;
			hasScannedForEncodings = 0;
			knownRegions = (
				en,
				Base,
			);
			mainGroup = 1B9FFC09269EBBA600B49BA1;
			productRefGroup = 1B9FFC13269EBBA600B49BA1 /* Products */;
			projectDirPath = "";
			projectRoot = "";
			targets = (
				1B9FFC11269EBBA600B49BA1 /* Project */,
				1B9FFC27269EBBB500B49BA1 /* ProjectTests */,
				1B9FFC32269EBBB500B49BA1 /* ProjectUITests */,
			);
		};
/* End PBXProject section */

/* Begin PBXResourcesBuildPhase section */
		1B9FFC10269EBBA600B49BA1 /* Resources */ = {
			isa = PBXResourcesBuildPhase;
			buildActionMask = 2147483647;
			files = (
				1B9FFC22269EBBB300B49BA1 /* LaunchScreen.storyboard in Resources */,
				1B9FFC1F269EBBB300B49BA1 /* Assets.xcassets in Resources */,
				1B9FFC1D269EBBA600B49BA1 /* Main.storyboard in Resources */,
			);
			runOnlyForDeploymentPostprocessing = 0;
		};
		1B9FFC26269EBBB500B49BA1 /* Resources */ = {
			isa = PBXResourcesBuildPhase;
			buildActionMask = 2147483647;
			files = (
			);
			runOnlyForDeploymentPostprocessing = 0;
		};
		1B9FFC31269EBBB500B49BA1 /* Resources */ = {
			isa = PBXResourcesBuildPhase;
			buildActionMask = 2147483647;
			files = (
			);
			runOnlyForDeploymentPostprocessing = 0;
		};
/* End PBXResourcesBuildPhase section */

/* Begin PBXSourcesBuildPhase section */
		1B9FFC0E269EBBA600B49BA1 /* Sources */ = {
			isa = PBXSourcesBuildPhase;
			buildActionMask = 2147483647;
			files = (
				1B9FFC1A269EBBA600B49BA1 /* ViewController.swift in Sources */,
				1B9FFC16269EBBA600B49BA1 /* AppDelegate.swift in Sources */,
				1B9FFC4B269EBE0C00B49BA1 /* UploadImagesViewController.swift in Sources */,
				1B9FFC18269EBBA600B49BA1 /* SceneDelegate.swift in Sources */,
			);
			runOnlyForDeploymentPostprocessing = 0;
		};
		1B9FFC24269EBBB500B49BA1 /* Sources */ = {
			isa = PBXSourcesBuildPhase;
			buildActionMask = 2147483647;
			files = (
				1B9FFC2D269EBBB500B49BA1 /* ProjectTests.swift in Sources */,
			);
			runOnlyForDeploymentPostprocessing = 0;
		};
		1B9FFC2F269EBBB500B49BA1 /* Sources */ = {
			isa = PBXSourcesBuildPhase;
			buildActionMask = 2147483647;
			files = (
				1B9FFC38269EBBB500B49BA1 /* ProjectUITests.swift in Sources */,
			);
			runOnlyForDeploymentPostprocessing = 0;
		};
/* End PBXSourcesBuildPhase section */

/* Begin PBXTargetDependency section */
		1B9FFC2A269EBBB500B49BA1 /* PBXTargetDependency */ = {
			isa = PBXTargetDependency;
			target = 1B9FFC11269EBBA600B49BA1 /* Project */;
			targetProxy = 1B9FFC29269EBBB500B49BA1 /* PBXContainerItemProxy */;
		};
		1B9FFC35269EBBB500B49BA1 /* PBXTargetDependency */ = {
			isa = PBXTargetDependency;
			target = 1B9FFC11269EBBA600B49BA1 /* Project */;
			targetProxy = 1B9FFC34269EBBB500B49BA1 /* PBXContainerItemProxy */;
		};
/* End PBXTargetDependency section */

/* Begin PBXVariantGroup section */
		1B9FFC1B269EBBA600B49BA1 /* Main.storyboard */ = {
			isa = PBXVariantGroup;
			children = (
				1B9FFC1C269EBBA600B49BA1 /* Base */,
			);
			name = Main.storyboard;
			sourceTree = "<group>";
		};
		1B9FFC20269EBBB300B49BA1 /* LaunchScreen.storyboard */ = {
			isa = PBXVariantGroup;
			children = (
				1B9FFC21269EBBB300B49BA1 /* Base */,
			);
			name = LaunchScreen.storyboard;
			sourceTree = "<group>";
		};
/* End PBXVariantGroup section */

/* Begin XCBuildConfiguration section */
		1B9FFC3A269EBBB500B49BA1 /* Debug */ = {
			isa = XCBuildConfiguration;
			buildSettings = {
				ALWAYS_SEARCH_USER_PATHS = NO;
				CLANG_ANALYZER_NONNULL = YES;
				CLANG_ANALYZER_NUMBER_OBJECT_CONVERSION = YES_AGGRESSIVE;
				CLANG_CXX_LANGUAGE_STANDARD = "gnu++14";
				CLANG_CXX_LIBRARY = "libc++";
				CLANG_ENABLE_MODULES = YES;
				CLANG_ENABLE_OBJC_ARC = YES;
				CLANG_ENABLE_OBJC_WEAK = YES;
				CLANG_WARN_BLOCK_CAPTURE_AUTORELEASING = YES;
				CLANG_WARN_BOOL_CONVERSION = YES;
				CLANG_WARN_COMMA = YES;
				CLANG_WARN_CONSTANT_CONVERSION = YES;
				CLANG_WARN_DEPRECATED_OBJC_IMPLEMENTATIONS = YES;
				CLANG_WARN_DIRECT_OBJC_ISA_USAGE = YES_ERROR;
				CLANG_WARN_DOCUMENTATION_COMMENTS = YES;
				CLANG_WARN_EMPTY_BODY = YES;
				CLANG_WARN_ENUM_CONVERSION = YES;
				CLANG_WARN_INFINITE_RECURSION = YES;
				CLANG_WARN_INT_CONVERSION = YES;
				CLANG_WARN_NON_LITERAL_NULL_CONVERSION = YES;
				CLANG_WARN_OBJC_IMPLICIT_RETAIN_SELF = YES;
				CLANG_WARN_OBJC_LITERAL_CONVERSION = YES;
				CLANG_WARN_OBJC_ROOT_CLASS = YES_ERROR;
				CLANG_WARN_QUOTED_INCLUDE_IN_FRAMEWORK_HEADER = YES;
				CLANG_WARN_RANGE_LOOP_ANALYSIS = YES;
				CLANG_WARN_STRICT_PROTOTYPES = YES;
				CLANG_WARN_SUSPICIOUS_MOVE = YES;
				CLANG_WARN_UNGUARDED_AVAILABILITY = YES_AGGRESSIVE;
				CLANG_WARN_UNREACHABLE_CODE = YES;
				CLANG_WARN__DUPLICATE_METHOD_MATCH = YES;
				COPY_PHASE_STRIP = NO;
				DEBUG_INFORMATION_FORMAT = dwarf;
				ENABLE_STRICT_OBJC_MSGSEND = YES;
				ENABLE_TESTABILITY = YES;
				GCC_C_LANGUAGE_STANDARD = gnu11;
				GCC_DYNAMIC_NO_PIC = NO;
				GCC_NO_COMMON_BLOCKS = YES;
				GCC_OPTIMIZATION_LEVEL = 0;
				GCC_PREPROCESSOR_DEFINITIONS = (
					"DEBUG=1",
					"$(inherited)",
				);
				GCC_WARN_64_TO_32_BIT_CONVERSION = YES;
				GCC_WARN_ABOUT_RETURN_TYPE = YES_ERROR;
				GCC_WARN_UNDECLARED_SELECTOR = YES;
				GCC_WARN_UNINITIALIZED_AUTOS = YES_AGGRESSIVE;
				GCC_WARN_UNUSED_FUNCTION = YES;
				GCC_WARN_UNUSED_VARIABLE = YES;
				IPHONEOS_DEPLOYMENT_TARGET = 14.4;
				MTL_ENABLE_DEBUG_INFO = INCLUDE_SOURCE;
				MTL_FAST_MATH = YES;
				ONLY_ACTIVE_ARCH = YES;
				SDKROOT = iphoneos;
				SWIFT_ACTIVE_COMPILATION_CONDITIONS = DEBUG;
				SWIFT_OPTIMIZATION_LEVEL = "-Onone";
			};
			name = Debug;
		};
		1B9FFC3B269EBBB500B49BA1 /* Release */ = {
			isa = XCBuildConfiguration;
			buildSettings = {
				ALWAYS_SEARCH_USER_PATHS = NO;
				CLANG_ANALYZER_NONNULL = YES;
				CLANG_ANALYZER_NUMBER_OBJECT_CONVERSION = YES_AGGRESSIVE;
				CLANG_CXX_LANGUAGE_STANDARD = "gnu++14";
				CLANG_CXX_LIBRARY = "libc++";
				CLANG_ENABLE_MODULES = YES;
				CLANG_ENABLE_OBJC_ARC = YES;
				CLANG_ENABLE_OBJC_WEAK = YES;
				CLANG_WARN_BLOCK_CAPTURE_AUTORELEASING = YES;
				CLANG_WARN_BOOL_CONVERSION = YES;
				CLANG_WARN_COMMA = YES;
				CLANG_WARN_CONSTANT_CONVERSION = YES;
				CLANG_WARN_DEPRECATED_OBJC_IMPLEMENTATIONS = YES;
				CLANG_WARN_DIRECT_OBJC_ISA_USAGE = YES_ERROR;
				CLANG_WARN_DOCUMENTATION_COMMENTS = YES;
				CLANG_WARN_EMPTY_BODY = YES;
				CLANG_WARN_ENUM_CONVERSION = YES;
				CLANG_WARN_INFINITE_RECURSION = YES;
				CLANG_WARN_INT_CONVERSION = YES;
				CLANG_WARN_NON_LITERAL_NULL_CONVERSION = YES;
				CLANG_WARN_OBJC_IMPLICIT_RETAIN_SELF = YES;
				CLANG_WARN_OBJC_LITERAL_CONVERSION = YES;
				CLANG_WARN_OBJC_ROOT_CLASS = YES_ERROR;
				CLANG_WARN_QUOTED_INCLUDE_IN_FRAMEWORK_HEADER = YES;
				CLANG_WARN_RANGE_LOOP_ANALYSIS = YES;
				CLANG_WARN_STRICT_PROTOTYPES = YES;
				CLANG_WARN_SUSPICIOUS_MOVE = YES;
				CLANG_WARN_UNGUARDED_AVAILABILITY = YES_AGGRESSIVE;
				CLANG_WARN_UNREACHABLE_CODE = YES;
				CLANG_WARN__DUPLICATE_METHOD_MATCH = YES;
				COPY_PHASE_STRIP = NO;
				DEBUG_INFORMATION_FORMAT = "dwarf-with-dsym";
				ENABLE_NS_ASSERTIONS = NO;
				ENABLE_STRICT_OBJC_MSGSEND = YES;
				GCC_C_LANGUAGE_STANDARD = gnu11;
				GCC_NO_COMMON_BLOCKS = YES;
				GCC_WARN_64_TO_32_BIT_CONVERSION = YES;
				GCC_WARN_ABOUT_RETURN_TYPE = YES_ERROR;
				GCC_WARN_UNDECLARED_SELECTOR = YES;
				GCC_WARN_UNINITIALIZED_AUTOS = YES_AGGRESSIVE;
				GCC_WARN_UNUSED_FUNCTION = YES;
				GCC_WARN_UNUSED_VARIABLE = YES;
				IPHONEOS_DEPLOYMENT_TARGET = 14.4;
				MTL_ENABLE_DEBUG_INFO = NO;
				MTL_FAST_MATH = YES;
				SDKROOT = iphoneos;
				SWIFT_COMPILATION_MODE = wholemodule;
				SWIFT_OPTIMIZATION_LEVEL = "-O";
				VALIDATE_PRODUCT = YES;
			};
			name = Release;
		};
		1B9FFC3D269EBBB500B49BA1 /* Debug */ = {
			isa = XCBuildConfiguration;
			buildSettings = {
				ASSETCATALOG_COMPILER_APPICON_NAME = AppIcon;
				ASSETCATALOG_COMPILER_GLOBAL_ACCENT_COLOR_NAME = AccentColor;
				CODE_SIGN_STYLE = Automatic;
				INFOPLIST_FILE = Project/Info.plist;
				LD_RUNPATH_SEARCH_PATHS = (
					"$(inherited)",
					"@executable_path/Frameworks",
				);
				PRODUCT_BUNDLE_IDENTIFIER = Soujanya.Project;
				PRODUCT_NAME = "$(TARGET_NAME)";
				SWIFT_VERSION = 5.0;
				TARGETED_DEVICE_FAMILY = "1,2";
			};
			name = Debug;
		};
		1B9FFC3E269EBBB500B49BA1 /* Release */ = {
			isa = XCBuildConfiguration;
			buildSettings = {
				ASSETCATALOG_COMPILER_APPICON_NAME = AppIcon;
				ASSETCATALOG_COMPILER_GLOBAL_ACCENT_COLOR_NAME = AccentColor;
				CODE_SIGN_STYLE = Automatic;
				INFOPLIST_FILE = Project/Info.plist;
				LD_RUNPATH_SEARCH_PATHS = (
					"$(inherited)",
					"@executable_path/Frameworks",
				);
				PRODUCT_BUNDLE_IDENTIFIER = Soujanya.Project;
				PRODUCT_NAME = "$(TARGET_NAME)";
				SWIFT_VERSION = 5.0;
				TARGETED_DEVICE_FAMILY = "1,2";
			};
			name = Release;
		};
		1B9FFC40269EBBB500B49BA1 /* Debug */ = {
			isa = XCBuildConfiguration;
			buildSettings = {
				ALWAYS_EMBED_SWIFT_STANDARD_LIBRARIES = YES;
				BUNDLE_LOADER = "$(TEST_HOST)";
				CODE_SIGN_STYLE = Automatic;
				INFOPLIST_FILE = ProjectTests/Info.plist;
				IPHONEOS_DEPLOYMENT_TARGET = 14.4;
				LD_RUNPATH_SEARCH_PATHS = (
					"$(inherited)",
					"@executable_path/Frameworks",
					"@loader_path/Frameworks",
				);
				PRODUCT_BUNDLE_IDENTIFIER = Soujanya.ProjectTests;
				PRODUCT_NAME = "$(TARGET_NAME)";
				SWIFT_VERSION = 5.0;
				TARGETED_DEVICE_FAMILY = "1,2";
				TEST_HOST = "$(BUILT_PRODUCTS_DIR)/Project.app/Project";
			};
			name = Debug;
		};
		1B9FFC41269EBBB500B49BA1 /* Release */ = {
			isa = XCBuildConfiguration;
			buildSettings = {
				ALWAYS_EMBED_SWIFT_STANDARD_LIBRARIES = YES;
				BUNDLE_LOADER = "$(TEST_HOST)";
				CODE_SIGN_STYLE = Automatic;
				INFOPLIST_FILE = ProjectTests/Info.plist;
				IPHONEOS_DEPLOYMENT_TARGET = 14.4;
				LD_RUNPATH_SEARCH_PATHS = (
					"$(inherited)",
					"@executable_path/Frameworks",
					"@loader_path/Frameworks",
				);
				PRODUCT_BUNDLE_IDENTIFIER = Soujanya.ProjectTests;
				PRODUCT_NAME = "$(TARGET_NAME)";
				SWIFT_VERSION = 5.0;
				TARGETED_DEVICE_FAMILY = "1,2";
				TEST_HOST = "$(BUILT_PRODUCTS_DIR)/Project.app/Project";
			};
			name = Release;
		};
		1B9FFC43269EBBB500B49BA1 /* Debug */ = {
			isa = XCBuildConfiguration;
			buildSettings = {
				ALWAYS_EMBED_SWIFT_STANDARD_LIBRARIES = YES;
				CODE_SIGN_STYLE = Automatic;
				INFOPLIST_FILE = ProjectUITests/Info.plist;
				LD_RUNPATH_SEARCH_PATHS = (
					"$(inherited)",
					"@executable_path/Frameworks",
					"@loader_path/Frameworks",
				);
				PRODUCT_BUNDLE_IDENTIFIER = Soujanya.ProjectUITests;
				PRODUCT_NAME = "$(TARGET_NAME)";
				SWIFT_VERSION = 5.0;
				TARGETED_DEVICE_FAMILY = "1,2";
				TEST_TARGET_NAME = Project;
			};
			name = Debug;
		};
		1B9FFC44269EBBB500B49BA1 /* Release */ = {
			isa = XCBuildConfiguration;
			buildSettings = {
				ALWAYS_EMBED_SWIFT_STANDARD_LIBRARIES = YES;
				CODE_SIGN_STYLE = Automatic;
				INFOPLIST_FILE = ProjectUITests/Info.plist;
				LD_RUNPATH_SEARCH_PATHS = (
					"$(inherited)",
					"@executable_path/Frameworks",
					"@loader_path/Frameworks",
				);
				PRODUCT_BUNDLE_IDENTIFIER = Soujanya.ProjectUITests;
				PRODUCT_NAME = "$(TARGET_NAME)";
				SWIFT_VERSION = 5.0;
				TARGETED_DEVICE_FAMILY = "1,2";
				TEST_TARGET_NAME = Project;
			};
			name = Release;
		};
/* End XCBuildConfiguration section */

/* Begin XCConfigurationList section */
		1B9FFC0D269EBBA600B49BA1 /* Build configuration list for PBXProject "Project" */ = {
			isa = XCConfigurationList;
			buildConfigurations = (
				1B9FFC3A269EBBB500B49BA1 /* Debug */,
				1B9FFC3B269EBBB500B49BA1 /* Release */,
			);
			defaultConfigurationIsVisible = 0;
			defaultConfigurationName = Release;
		};
		1B9FFC3C269EBBB500B49BA1 /* Build configuration list for PBXNativeTarget "Project" */ = {
			isa = XCConfigurationList;
			buildConfigurations = (
				1B9FFC3D269EBBB500B49BA1 /* Debug */,
				1B9FFC3E269EBBB500B49BA1 /* Release */,
			);
			defaultConfigurationIsVisible = 0;
			defaultConfigurationName = Release;
		};
		1B9FFC3F269EBBB500B49BA1 /* Build configuration list for PBXNativeTarget "ProjectTests" */ = {
			isa = XCConfigurationList;
			buildConfigurations = (
				1B9FFC40269EBBB500B49BA1 /* Debug */,
				1B9FFC41269EBBB500B49BA1 /* Release */,
			);
			defaultConfigurationIsVisible = 0;
			defaultConfigurationName = Release;
		};
		1B9FFC42269EBBB500B49BA1 /* Build configuration list for PBXNativeTarget "ProjectUITests" */ = {
			isa = XCConfigurationList;
			buildConfigurations = (
				1B9FFC43269EBBB500B49BA1 /* Debug */,
				1B9FFC44269EBBB500B49BA1 /* Release */,
			);
			defaultConfigurationIsVisible = 0;
			defaultConfigurationName = Release;
		};
/* End XCConfigurationList section */
	};
	rootObject = 1B9FFC0A269EBBA600B49BA1 /* Project object */;
}
